{
  "name": "jasc",
  "version": "1.0.0",
  "lockfileVersion": 2,
  "requires": true,
  "packages": {
    "": {
      "name": "jasc",
      "version": "1.0.0",
      "license": "ISC",
      "dependencies": {
        "escope": "^4.0.0",
        "esprima": "^4.0.1"
      }
    },
    "node_modules/escope": {
      "version": "4.0.0",
      "resolved": "https://registry.npmjs.org/escope/-/escope-4.0.0.tgz",
      "integrity": "sha512-E36qlD/r6RJHVpPKArgMoMlNJzoRJFH8z/cAZlI9lbc45zB3+S7i9k6e/MNb+7bZQzNEa6r8WKN3BovpeIBwgA==",
      "dependencies": {
        "esrecurse": "^4.1.0",
        "estraverse": "^4.1.1"
      },
      "engines": {
        "node": ">=4.0"
      }
    },
    "node_modules/esprima": {
      "version": "4.0.1",
      "resolved": "https://registry.npmjs.org/esprima/-/esprima-4.0.1.tgz",
      "integrity": "sha512-eGuFFw7Upda+g4p+QHvnW0RyTX/SVeJBDM/gCtMARO0cLuT2HcEKnTPvhjV6aGeqrCB/sbNop0Kszm0jsaWU4A==",
      "bin": {
        "esparse": "bin/esparse.js",
        "esvalidate": "bin/esvalidate.js"
      },
      "engines": {
        "node": ">=4"
      }
    },
    "node_modules/esrecurse": {
      "version": "4.3.0",
      "resolved": "https://registry.npmjs.org/esrecurse/-/esrecurse-4.3.0.tgz",
      "integrity": "sha512-KmfKL3b6G+RXvP8N1vr3Tq1kL/oCFgn2NYXEtqP8/L3pKapUA4G8cFVaoF3SU323CD4XypR/ffioHmkti6/Tag==",
      "dependencies": {
        "estraverse": "^5.2.0"
      },
      "engines": {
        "node": ">=4.0"
      }
    },
    "node_modules/esrecurse/node_modules/estraverse": {
      "version": "5.3.0",
      "resolved": "https://registry.npmjs.org/estraverse/-/estraverse-5.3.0.tgz",
      "integrity": "sha512-MMdARuVEQziNTeJD8DgMqmhwR11BRQ/cBP+pLtYdSTnf3MIO8fFeiINEbX36ZdNlfU/7A9f3gUw49B3oQsvwBA==",
      "engines": {
        "node": ">=4.0"
      }
    },
    "node_modules/estraverse": {
      "version": "4.3.0",
      "resolved": "https://registry.npmjs.org/estraverse/-/estraverse-4.3.0.tgz",
      "integrity": "sha512-39nnKffWz8xN1BU/2c79n9nB9HDzo0niYUqx6xyqUnyoAnQyyWpOTdZEeiCch8BBu515t4wp9ZmgVfVhn9EBpw==",
      "engines": {
        "node": ">=4.0"
      }
    }
  },
  "dependencies": {
    "escope": {
      "version": "4.0.0",
      "resolved": "https://registry.npmjs.org/escope/-/escope-4.0.0.tgz",
      "integrity": "sha512-E36qlD/r6RJHVpPKArgMoMlNJzoRJFH8z/cAZlI9lbc45zB3+S7i9k6e/MNb+7bZQzNEa6r8WKN3BovpeIBwgA==",
      "requires": {
        "esrecurse": "^4.1.0",
        "estraverse": "^4.1.1"
      }
    },
    "esprima": {
      "version": "4.0.1",
      "resolved": "https://registry.npmjs.org/esprima/-/esprima-4.0.1.tgz",
      "integrity": "sha512-eGuFFw7Upda+g4p+QHvnW0RyTX/SVeJBDM/gCtMARO0cLuT2HcEKnTPvhjV6aGeqrCB/sbNop0Kszm0jsaWU4A=="
    },
    "esrecurse": {
      "version": "4.3.0",
      "resolved": "https://registry.npmjs.org/esrecurse/-/esrecurse-4.3.0.tgz",
      "integrity": "sha512-KmfKL3b6G+RXvP8N1vr3Tq1kL/oCFgn2NYXEtqP8/L3pKapUA4G8cFVaoF3SU323CD4XypR/ffioHmkti6/Tag==",
      "requires": {
        "estraverse": "^5.2.0"
      },
      "dependencies": {
        "estraverse": {
          "version": "5.3.0",
          "resolved": "https://registry.npmjs.org/estraverse/-/estraverse-5.3.0.tgz",
          "integrity": "sha512-MMdARuVEQziNTeJD8DgMqmhwR11BRQ/cBP+pLtYdSTnf3MIO8fFeiINEbX36ZdNlfU/7A9f3gUw49B3oQsvwBA=="
        }
      }
    },
    "estraverse": {
      "version": "4.3.0",
      "resolved": "https://registry.npmjs.org/estraverse/-/estraverse-4.3.0.tgz",
      "integrity": "sha512-39nnKffWz8xN1BU/2c79n9nB9HDzo0niYUqx6xyqUnyoAnQyyWpOTdZEeiCch8BBu515t4wp9ZmgVfVhn9EBpw=="
    }
  }
}
